Microsoft Visual Studio Solution File, Format Version 12.00
# Visual Studio Version 17
VisualStudioVersion = 17.10.35027.167
MinimumVisualStudioVersion = 10.0.40219.1
Project("{FAE04EC0-301F-11D3-BF4B-00C04F79EFBC}") = "SPU", "SPU.csproj", "{BAC77696-4B3C-4891-AC74-A9E6667B446C}"
EndProject
Global
	GlobalSection(SolutionConfigurationPlatforms) = preSolution
		Debug|Any CPU = Debug|Any CPU
		Release|Any CPU = Release|Any CPU
	EndGlobalSection
	GlobalSection(ProjectConfigurationPlatforms) = postSolution
		{BAC77696-4B3C-4891-AC74-A9E6667B446C}.Debug|Any CPU.ActiveCfg = Debug|Any CPU
		{BAC77696-4B3C-4891-AC74-A9E6667B446C}.Debug|Any CPU.Build.0 = Debug|Any CPU
		{BAC77696-4B3C-4891-AC74-A9E6667B446C}.Release|Any CPU.ActiveCfg = Release|Any CPU
		{BAC77696-4B3C-4891-AC74-A9E6667B446C}.Release|Any CPU.Build.0 = Release|Any CPU
	EndGlobalSection
	GlobalSection(SolutionProperties) = preSolution
		HideSolutionNode = FALSE
	EndGlobalSection
	GlobalSection(ExtensibilityGlobals) = postSolution
		SolutionGuid = {86153304-B5E7-45FA-B880-5F1CDC2E8861}
	EndGlobalSection
EndGlobal
